
Microsoft Visual Studio Solution File, Format Version 12.00
# Visual Studio Version 17
VisualStudioVersion = 17.8.34330.188
MinimumVisualStudioVersion = 10.0.40219.1
Project("{FAE04EC0-301F-11D3-BF4B-00C04F79EFBC}") = "ArrayRange", "ArrayRange\ArrayRange.csproj", "{5D479071-CA5E-4C8A-A2D7-72681BE5263B}"
EndProject
Project("{FAE04EC0-301F-11D3-BF4B-00C04F79EFBC}") = "ArrayRange2", "ArrayRange2\ArrayRange2.csproj", "{D80038B6-2A62-4B53-84CC-605333BE667D}"
EndProject
Global
	GlobalSection(SolutionConfigurationPlatforms) = preSolution
		Debug|Any CPU = Debug|Any CPU
		Release|Any CPU = Release|Any CPU
	EndGlobalSection
	GlobalSection(ProjectConfigurationPlatforms) = postSolution
		{5D479071-CA5E-4C8A-A2D7-72681BE5263B}.Debug|Any CPU.ActiveCfg = Debug|Any CPU
		{5D479071-CA5E-4C8A-A2D7-72681BE5263B}.Debug|Any CPU.Build.0 = Debug|Any CPU
		{5D479071-CA5E-4C8A-A2D7-72681BE5263B}.Release|Any CPU.ActiveCfg = Release|Any CPU
		{5D479071-CA5E-4C8A-A2D7-72681BE5263B}.Release|Any CPU.Build.0 = Release|Any CPU
		{D80038B6-2A62-4B53-84CC-605333BE667D}.Debug|Any CPU.ActiveCfg = Debug|Any CPU
		{D80038B6-2A62-4B53-84CC-605333BE667D}.Debug|Any CPU.Build.0 = Debug|Any CPU
		{D80038B6-2A62-4B53-84CC-605333BE667D}.Release|Any CPU.ActiveCfg = Release|Any CPU
		{D80038B6-2A62-4B53-84CC-605333BE667D}.Release|Any CPU.Build.0 = Release|Any CPU
	EndGlobalSection
	GlobalSection(SolutionProperties) = preSolution
		HideSolutionNode = FALSE
	EndGlobalSection
	GlobalSection(ExtensibilityGlobals) = postSolution
		SolutionGuid = {57A3B4A6-3910-48EE-ACDC-92610C209D6E}
	EndGlobalSection
EndGlobal
